
Microsoft Visual Studio Solution File, Format Version 12.00
# Visual Studio Version 17
VisualStudioVersion = 17.14.36202.13 d17.14
MinimumVisualStudioVersion = 10.0.40219.1
Project("{FAE04EC0-301F-11D3-BF4B-00C04F79EFBC}") = "OsipenkoN", "OsipenkoN\OsipenkoN.csproj", "{3CC4431C-EA51-DD05-3E85-534CA01E4AE3}"
EndProject
Project("{FAE04EC0-301F-11D3-BF4B-00C04F79EFBC}") = "OsipenkoN.Desktop", "OsipenkoN.Desktop\OsipenkoN.Desktop.csproj", "{5A83A649-1B8E-B9A2-A610-58D7EBCC10F8}"
EndProject
Global
	GlobalSection(SolutionConfigurationPlatforms) = preSolution
		Debug|Any CPU = Debug|Any CPU
		Release|Any CPU = Release|Any CPU
	EndGlobalSection
	GlobalSection(ProjectConfigurationPlatforms) = postSolution
		{3CC4431C-EA51-DD05-3E85-534CA01E4AE3}.Debug|Any CPU.ActiveCfg = Debug|Any CPU
		{3CC4431C-EA51-DD05-3E85-534CA01E4AE3}.Debug|Any CPU.Build.0 = Debug|Any CPU
		{3CC4431C-EA51-DD05-3E85-534CA01E4AE3}.Release|Any CPU.ActiveCfg = Release|Any CPU
		{3CC4431C-EA51-DD05-3E85-534CA01E4AE3}.Release|Any CPU.Build.0 = Release|Any CPU
		{5A83A649-1B8E-B9A2-A610-58D7EBCC10F8}.Debug|Any CPU.ActiveCfg = Debug|Any CPU
		{5A83A649-1B8E-B9A2-A610-58D7EBCC10F8}.Debug|Any CPU.Build.0 = Debug|Any CPU
		{5A83A649-1B8E-B9A2-A610-58D7EBCC10F8}.Release|Any CPU.ActiveCfg = Release|Any CPU
		{5A83A649-1B8E-B9A2-A610-58D7EBCC10F8}.Release|Any CPU.Build.0 = Release|Any CPU
	EndGlobalSection
	GlobalSection(SolutionProperties) = preSolution
		HideSolutionNode = FALSE
	EndGlobalSection
	GlobalSection(ExtensibilityGlobals) = postSolution
		SolutionGuid = {46EE675D-E16D-45F5-9501-7338C3D443C0}
	EndGlobalSection
EndGlobal
